dependencies:
- name: mysql
  repository: https://charts.bitnami.com/bitnami
  version: 14.0.3
- name: common
  repository: oci://registry-1.docker.io/bitnamicharts
  version: 2.31.4
digest: sha256:d564df7b8bab7379dea0d309e9aa944160198fe076ee4a7757e8df0cd103c143
generated: "2025-10-30T17:07:32.4403872-04:00"
