dependencies:
- name: mysql
  repository: https://charts.bitnami.com/bitnami
  version: 14.0.3
- name: common
  repository: https://charts.bitnami.com/bitnami
  version: 2.31.4
digest: sha256:445cb0db22bc3690f090f6f5b4a8181570c393d918d4f9171d2c925f4581ee4f
generated: "2025-10-30T17:12:02.4103843-04:00"
